
Microsoft Visual Studio Solution File, Format Version 12.00
# Visual Studio Version 17
VisualStudioVersion = 17.4.33213.308
MinimumVisualStudioVersion = 10.0.40219.1
Project("{FAE04EC0-301F-11D3-BF4B-00C04F79EFBC}") = "StaffApi.Web", "StaffApi\StaffApi.Web.csproj", "{EA479CE9-2F47-4900-8559-D44E8621FB92}"
EndProject
Project("{FAE04EC0-301F-11D3-BF4B-00C04F79EFBC}") = "StaffApi.Base", "StaffApi.Base\StaffApi.Base.csproj", "{143FC93E-92BE-4D5F-8AFC-69392CDFA2CA}"
EndProject
Project("{FAE04EC0-301F-11D3-BF4B-00C04F79EFBC}") = "StaffApi.Data", "StaffApi.Data\StaffApi.Data.csproj", "{9CAA15A7-E435-416A-BE47-DB7C3EEC6603}"
EndProject
Global
	GlobalSection(SolutionConfigurationPlatforms) = preSolution
		Debug|Any CPU = Debug|Any CPU
		Release|Any CPU = Release|Any CPU
	EndGlobalSection
	GlobalSection(ProjectConfigurationPlatforms) = postSolution
		{EA479CE9-2F47-4900-8559-D44E8621FB92}.Debug|Any CPU.ActiveCfg = Debug|Any CPU
		{EA479CE9-2F47-4900-8559-D44E8621FB92}.Debug|Any CPU.Build.0 = Debug|Any CPU
		{EA479CE9-2F47-4900-8559-D44E8621FB92}.Release|Any CPU.ActiveCfg = Release|Any CPU
		{EA479CE9-2F47-4900-8559-D44E8621FB92}.Release|Any CPU.Build.0 = Release|Any CPU
		{143FC93E-92BE-4D5F-8AFC-69392CDFA2CA}.Debug|Any CPU.ActiveCfg = Debug|Any CPU
		{143FC93E-92BE-4D5F-8AFC-69392CDFA2CA}.Debug|Any CPU.Build.0 = Debug|Any CPU
		{143FC93E-92BE-4D5F-8AFC-69392CDFA2CA}.Release|Any CPU.ActiveCfg = Release|Any CPU
		{143FC93E-92BE-4D5F-8AFC-69392CDFA2CA}.Release|Any CPU.Build.0 = Release|Any CPU
		{9CAA15A7-E435-416A-BE47-DB7C3EEC6603}.Debug|Any CPU.ActiveCfg = Debug|Any CPU
		{9CAA15A7-E435-416A-BE47-DB7C3EEC6603}.Debug|Any CPU.Build.0 = Debug|Any CPU
		{9CAA15A7-E435-416A-BE47-DB7C3EEC6603}.Release|Any CPU.ActiveCfg = Release|Any CPU
		{9CAA15A7-E435-416A-BE47-DB7C3EEC6603}.Release|Any CPU.Build.0 = Release|Any CPU
	EndGlobalSection
	GlobalSection(SolutionProperties) = preSolution
		HideSolutionNode = FALSE
	EndGlobalSection
	GlobalSection(ExtensibilityGlobals) = postSolution
		SolutionGuid = {09CDF587-831B-4F00-BCF8-B5CDE1829885}
	EndGlobalSection
EndGlobal
